<?xml version="1.0" encoding="UTF-8" standalone="yes" ?>
<CodeBlocks_project_file>
	<FileVersion major="1" minor="6" />
	<Project>
		<Option title="UnitTest++" />
		<Option pch_mode="2" />
		<Option default_target="Debug(linux)" />
		<Option compiler="gcc" />
		<Build>
			<Target title="Debug">
				<Option platforms="Windows;" />
				<Option output="./UnitTest++/lib/Debug/libUnitTest++.a" prefix_auto="0" extension_auto="0" />
				<Option working_dir="" />
				<Option object_output="./UnitTest++/lib/Debug/" />
				<Option type="2" />
				<Option compiler="gcc" />
				<Option createDefFile="1" />
				<Compiler>
					<Add option="-Winit-self" />
					<Add option="-Wredundant-decls" />
					<Add option="-Wcast-align" />
					<Add option="-Wundef" />
					<Add option="-Wfloat-equal" />
					<Add option="-Wmissing-declarations" />
					<Add option="-Wmissing-include-dirs" />
					<Add option="-Wswitch-enum" />
					<Add option="-Wswitch-default" />
					<Add option="-Wmain" />
					<Add option="-pedantic" />
					<Add option="-std=c++0x" />
					<Add option="-Wextra" />
					<Add option="-Wall" />
					<Add option="-g" />
				</Compiler>
			</Target>
			<Target title="Release">
				<Option platforms="Windows;" />
				<Option output="./UnitTest++/lib/Release/libUnitTest++.a" prefix_auto="0" extension_auto="0" />
				<Option working_dir="" />
				<Option object_output="./UnitTest++/lib/Release/" />
				<Option type="2" />
				<Option compiler="gcc" />
				<Option createDefFile="1" />
				<Compiler>
					<Add option="-O3" />
					<Add option="-Winit-self" />
					<Add option="-Wredundant-decls" />
					<Add option="-Wcast-align" />
					<Add option="-Wundef" />
					<Add option="-Wfloat-equal" />
					<Add option="-Wmissing-declarations" />
					<Add option="-Wmissing-include-dirs" />
					<Add option="-Wswitch-enum" />
					<Add option="-Wswitch-default" />
					<Add option="-Wmain" />
					<Add option="-pedantic" />
					<Add option="-std=c++0x" />
					<Add option="-Wextra" />
					<Add option="-Wall" />
				</Compiler>
				<Linker>
					<Add option="-s" />
				</Linker>
			</Target>
			<Target title="Debug(linux)">
				<Option platforms="Unix;Mac;" />
				<Option output="./UnitTest++/lib/Debug/libUnitTest++.a" prefix_auto="0" extension_auto="0" />
				<Option working_dir="" />
				<Option object_output="./UnitTest++/lib/Debug/" />
				<Option type="2" />
				<Option compiler="gcc" />
				<Option createDefFile="1" />
				<Compiler>
					<Add option="-Winit-self" />
					<Add option="-Wredundant-decls" />
					<Add option="-Wcast-align" />
					<Add option="-Wundef" />
					<Add option="-Wfloat-equal" />
					<Add option="-Wmissing-declarations" />
					<Add option="-Wmissing-include-dirs" />
					<Add option="-Wswitch-enum" />
					<Add option="-Wswitch-default" />
					<Add option="-Wmain" />
					<Add option="-pedantic" />
					<Add option="-std=c++0x" />
					<Add option="-Wextra" />
					<Add option="-Wall" />
					<Add option="-g" />
				</Compiler>
			</Target>
			<Target title="Release(linux)">
				<Option platforms="Unix;Mac;" />
				<Option output="./UnitTest++/lib/Release/libUnitTest++.a" prefix_auto="0" extension_auto="0" />
				<Option working_dir="" />
				<Option object_output="./UnitTest++/lib/Release/" />
				<Option type="2" />
				<Option compiler="gcc" />
				<Option createDefFile="1" />
				<Compiler>
					<Add option="-O3" />
					<Add option="-Winit-self" />
					<Add option="-Wredundant-decls" />
					<Add option="-Wcast-align" />
					<Add option="-Wundef" />
					<Add option="-Wfloat-equal" />
					<Add option="-Wmissing-declarations" />
					<Add option="-Wmissing-include-dirs" />
					<Add option="-Wswitch-enum" />
					<Add option="-Wswitch-default" />
					<Add option="-Wmain" />
					<Add option="-pedantic" />
					<Add option="-std=c++0x" />
					<Add option="-Wextra" />
					<Add option="-Wall" />
				</Compiler>
				<Linker>
					<Add option="-s" />
				</Linker>
			</Target>
		</Build>
		<VirtualTargets>
			<Add alias="All" targets="Debug;Release;Debug(linux);Release(linux);" />
		</VirtualTargets>
		<Unit filename="UnitTest++/src/AssertException.cpp" />
		<Unit filename="UnitTest++/src/AssertException.h" />
		<Unit filename="UnitTest++/src/CheckMacros.h" />
		<Unit filename="UnitTest++/src/Checks.cpp" />
		<Unit filename="UnitTest++/src/Checks.h" />
		<Unit filename="UnitTest++/src/Config.h" />
		<Unit filename="UnitTest++/src/CurrentTest.cpp" />
		<Unit filename="UnitTest++/src/CurrentTest.h" />
		<Unit filename="UnitTest++/src/DeferredTestReporter.cpp" />
		<Unit filename="UnitTest++/src/DeferredTestReporter.h" />
		<Unit filename="UnitTest++/src/DeferredTestResult.cpp" />
		<Unit filename="UnitTest++/src/DeferredTestResult.h" />
		<Unit filename="UnitTest++/src/ExecuteTest.h" />
		<Unit filename="UnitTest++/src/MemoryOutStream.cpp" />
		<Unit filename="UnitTest++/src/MemoryOutStream.h" />
		<Unit filename="UnitTest++/src/Posix/SignalTranslator.cpp">
			<Option target="Debug(linux)" />
			<Option target="Release(linux)" />
		</Unit>
		<Unit filename="UnitTest++/src/Posix/SignalTranslator.h">
			<Option target="Debug(linux)" />
			<Option target="Release(linux)" />
		</Unit>
		<Unit filename="UnitTest++/src/Posix/TimeHelpers.cpp">
			<Option target="Debug(linux)" />
			<Option target="Release(linux)" />
		</Unit>
		<Unit filename="UnitTest++/src/Posix/TimeHelpers.h">
			<Option target="Debug(linux)" />
			<Option target="Release(linux)" />
		</Unit>
		<Unit filename="UnitTest++/src/ReportAssert.cpp" />
		<Unit filename="UnitTest++/src/ReportAssert.h" />
		<Unit filename="UnitTest++/src/Test.cpp" />
		<Unit filename="UnitTest++/src/Test.h" />
		<Unit filename="UnitTest++/src/TestDetails.cpp" />
		<Unit filename="UnitTest++/src/TestDetails.h" />
		<Unit filename="UnitTest++/src/TestList.cpp" />
		<Unit filename="UnitTest++/src/TestList.h" />
		<Unit filename="UnitTest++/src/TestMacros.h" />
		<Unit filename="UnitTest++/src/TestReporter.cpp" />
		<Unit filename="UnitTest++/src/TestReporter.h" />
		<Unit filename="UnitTest++/src/TestReporterStdout.cpp" />
		<Unit filename="UnitTest++/src/TestReporterStdout.h" />
		<Unit filename="UnitTest++/src/TestResults.cpp" />
		<Unit filename="UnitTest++/src/TestResults.h" />
		<Unit filename="UnitTest++/src/TestRunner.cpp" />
		<Unit filename="UnitTest++/src/TestRunner.h" />
		<Unit filename="UnitTest++/src/TestSuite.h" />
		<Unit filename="UnitTest++/src/TimeConstraint.cpp" />
		<Unit filename="UnitTest++/src/TimeConstraint.h" />
		<Unit filename="UnitTest++/src/TimeHelpers.h" />
		<Unit filename="UnitTest++/src/UnitTest++.h" />
		<Unit filename="UnitTest++/src/Win32/TimeHelpers.cpp">
			<Option target="Debug" />
			<Option target="Release" />
		</Unit>
		<Unit filename="UnitTest++/src/Win32/TimeHelpers.h">
			<Option target="Debug" />
			<Option target="Release" />
		</Unit>
		<Unit filename="UnitTest++/src/XmlTestReporter.cpp" />
		<Unit filename="UnitTest++/src/XmlTestReporter.h" />
		<Extensions>
			<envvars />
			<code_completion />
			<debugger />
		</Extensions>
	</Project>
</CodeBlocks_project_file>
